
Microsoft Visual Studio Solution File, Format Version 12.00
# Visual Studio Version 16
VisualStudioVersion = 16.0.29806.167
MinimumVisualStudioVersion = 10.0.40219.1
Project("{FAE04EC0-301F-11D3-BF4B-00C04F79EFBC}") = "MHWMMI", "MHWMassModInstaller\MHWMMI.csproj", "{7EFFA684-7D59-43B6-95F1-30C5AB2F3D37}"
EndProject
Global
	GlobalSection(SolutionConfigurationPlatforms) = preSolution
		Debug|Any CPU = Debug|Any CPU
		Release|Any CPU = Release|Any CPU
	EndGlobalSection
	GlobalSection(ProjectConfigurationPlatforms) = postSolution
		{7EFFA684-7D59-43B6-95F1-30C5AB2F3D37}.Debug|Any CPU.ActiveCfg = Debug|Any CPU
		{7EFFA684-7D59-43B6-95F1-30C5AB2F3D37}.Debug|Any CPU.Build.0 = Debug|Any CPU
		{7EFFA684-7D59-43B6-95F1-30C5AB2F3D37}.Release|Any CPU.ActiveCfg = Release|Any CPU
		{7EFFA684-7D59-43B6-95F1-30C5AB2F3D37}.Release|Any CPU.Build.0 = Release|Any CPU
	EndGlobalSection
	GlobalSection(SolutionProperties) = preSolution
		HideSolutionNode = FALSE
	EndGlobalSection
	GlobalSection(ExtensibilityGlobals) = postSolution
		SolutionGuid = {C04275BA-E01D-45EF-A5D8-D09F6797122A}
	EndGlobalSection
EndGlobal
